
Microsoft Visual Studio Solution File, Format Version 12.00
# Visual Studio Version 16
VisualStudioVersion = 16.0.29613.14
MinimumVisualStudioVersion = 10.0.40219.1
Project("{FAE04EC0-301F-11D3-BF4B-00C04F79EFBC}") = "LogWrapper", "LogWrapper\LogWrapper.csproj", "{C8528FB7-8BC2-4EC9-8B7E-73CDD90492E2}"
EndProject
Project("{FAE04EC0-301F-11D3-BF4B-00C04F79EFBC}") = "LogWrapper.Tests", "LogWrapper.Tests\LogWrapper.Tests.csproj", "{FA3EAA84-C71F-4F47-BD42-BFB308529FC8}"
EndProject
Global
	GlobalSection(SolutionConfigurationPlatforms) = preSolution
		Debug|Any CPU = Debug|Any CPU
		Release|Any CPU = Release|Any CPU
	EndGlobalSection
	GlobalSection(ProjectConfigurationPlatforms) = postSolution
		{C8528FB7-8BC2-4EC9-8B7E-73CDD90492E2}.Debug|Any CPU.ActiveCfg = Debug|Any CPU
		{C8528FB7-8BC2-4EC9-8B7E-73CDD90492E2}.Debug|Any CPU.Build.0 = Debug|Any CPU
		{C8528FB7-8BC2-4EC9-8B7E-73CDD90492E2}.Release|Any CPU.ActiveCfg = Release|Any CPU
		{C8528FB7-8BC2-4EC9-8B7E-73CDD90492E2}.Release|Any CPU.Build.0 = Release|Any CPU
		{FA3EAA84-C71F-4F47-BD42-BFB308529FC8}.Debug|Any CPU.ActiveCfg = Debug|Any CPU
		{FA3EAA84-C71F-4F47-BD42-BFB308529FC8}.Debug|Any CPU.Build.0 = Debug|Any CPU
		{FA3EAA84-C71F-4F47-BD42-BFB308529FC8}.Release|Any CPU.ActiveCfg = Release|Any CPU
		{FA3EAA84-C71F-4F47-BD42-BFB308529FC8}.Release|Any CPU.Build.0 = Release|Any CPU
	EndGlobalSection
	GlobalSection(SolutionProperties) = preSolution
		HideSolutionNode = FALSE
	EndGlobalSection
	GlobalSection(ExtensibilityGlobals) = postSolution
		SolutionGuid = {0ADDD0E1-FDA7-42C3-AB44-48B86DED629A}
	EndGlobalSection
EndGlobal
